
Microsoft Visual Studio Solution File, Format Version 12.00
# Visual Studio Version 16
VisualStudioVersion = 16.0.30204.135
MinimumVisualStudioVersion = 10.0.40219.1
Project("{9A19103F-16F7-4668-BE54-9A1E7A4F7556}") = "Entities", "Entities\Entities.csproj", "{6E9B7839-165B-430F-8A60-60B07BD9CD1B}"
EndProject
Project("{9A19103F-16F7-4668-BE54-9A1E7A4F7556}") = "Business", "Business\Business.csproj", "{8C28006C-0977-4F8B-9398-FD54AC319989}"
EndProject
Project("{9A19103F-16F7-4668-BE54-9A1E7A4F7556}") = "Data", "Data\Data.csproj", "{A39FB98A-C5DB-4287-90AD-AD164730345A}"
EndProject
Global
	GlobalSection(SolutionConfigurationPlatforms) = preSolution
		Debug|Any CPU = Debug|Any CPU
		Release|Any CPU = Release|Any CPU
	EndGlobalSection
	GlobalSection(ProjectConfigurationPlatforms) = postSolution
		{6E9B7839-165B-430F-8A60-60B07BD9CD1B}.Debug|Any CPU.ActiveCfg = Debug|Any CPU
		{6E9B7839-165B-430F-8A60-60B07BD9CD1B}.Debug|Any CPU.Build.0 = Debug|Any CPU
		{6E9B7839-165B-430F-8A60-60B07BD9CD1B}.Release|Any CPU.ActiveCfg = Release|Any CPU
		{6E9B7839-165B-430F-8A60-60B07BD9CD1B}.Release|Any CPU.Build.0 = Release|Any CPU
		{8C28006C-0977-4F8B-9398-FD54AC319989}.Debug|Any CPU.ActiveCfg = Debug|Any CPU
		{8C28006C-0977-4F8B-9398-FD54AC319989}.Debug|Any CPU.Build.0 = Debug|Any CPU
		{8C28006C-0977-4F8B-9398-FD54AC319989}.Release|Any CPU.ActiveCfg = Release|Any CPU
		{8C28006C-0977-4F8B-9398-FD54AC319989}.Release|Any CPU.Build.0 = Release|Any CPU
		{A39FB98A-C5DB-4287-90AD-AD164730345A}.Debug|Any CPU.ActiveCfg = Debug|Any CPU
		{A39FB98A-C5DB-4287-90AD-AD164730345A}.Debug|Any CPU.Build.0 = Debug|Any CPU
		{A39FB98A-C5DB-4287-90AD-AD164730345A}.Release|Any CPU.ActiveCfg = Release|Any CPU
		{A39FB98A-C5DB-4287-90AD-AD164730345A}.Release|Any CPU.Build.0 = Release|Any CPU
	EndGlobalSection
	GlobalSection(SolutionProperties) = preSolution
		HideSolutionNode = FALSE
	EndGlobalSection
	GlobalSection(ExtensibilityGlobals) = postSolution
		SolutionGuid = {F339D202-7322-4DDD-B9D7-058FED63A10C}
	EndGlobalSection
	GlobalSection(TeamFoundationVersionControl) = preSolution
		SccNumberOfProjects = 4
		SccEnterpriseProvider = {4CA58AB2-18FA-4F8D-95D4-32DDF27D184C}
		SccTeamFoundationServer = http://desarrollo.dualbiz.net:8080/tfs/proyectosdualbiz
		SccLocalPath0 = .
		SccProjectUniqueName1 = Business\\Business.csproj
		SccProjectName1 = Business
		SccLocalPath1 = Business
		SccProjectUniqueName2 = Data\\Data.csproj
		SccProjectName2 = Data
		SccLocalPath2 = Data
		SccProjectUniqueName3 = Entities\\Entities.csproj
		SccProjectName3 = Entities
		SccLocalPath3 = Entities
	EndGlobalSection
EndGlobal
